// !$*UTF8*$!
{
	archiveVersion = 1;
	classes = {
	};
	objectVersion = 51;
	objects = {

/* Begin PBXBuildFile section */
		4109000221BEC1B900D49981 /* SafariExtensionHandler.swift in Sources */ = {isa = PBXBuildFile; fileRef = 4109000121BEC1B900D49981 /* SafariExtensionHandler.swift */; };
		4109000421BEC1B900D49981 /* SafariExtensionViewController.swift in Sources */ = {isa = PBXBuildFile; fileRef = 4109000321BEC1B900D49981 /* SafariExtensionViewController.swift */; };
		4109000721BEC1B900D49981 /* SafariExtensionViewController.xib in Resources */ = {isa = PBXBuildFile; fileRef = 4109000521BEC1B900D49981 /* SafariExtensionViewController.xib */; };
		4109000A21BEC1B900D49981 /* script.js in Resources */ = {isa = PBXBuildFile; fileRef = 4109000921BEC1B900D49981 /* script.js */; };
		4109000C21BEC1B900D49981 /* ToolbarItemIcon.pdf in Resources */ = {isa = PBXBuildFile; fileRef = 4109000B21BEC1B900D49981 /* ToolbarItemIcon.pdf */; };
		4109FFDF21BEC1B800D49981 /* FormFiller.entitlements in Resources */ = {isa = PBXBuildFile; fileRef = 4109FFDE21BEC1B800D49981 /* FormFiller.entitlements */; };
		4109FFE121BEC1B800D49981 /* AppDelegate.swift in Sources */ = {isa = PBXBuildFile; fileRef = 4109FFE021BEC1B800D49981 /* AppDelegate.swift */; };
		4109FFE421BEC1B800D49981 /* Main.storyboard in Resources */ = {isa = PBXBuildFile; fileRef = 4109FFE221BEC1B800D49981 /* Main.storyboard */; };
		4109FFE621BEC1B800D49981 /* ViewController.swift in Sources */ = {isa = PBXBuildFile; fileRef = 4109FFE521BEC1B800D49981 /* ViewController.swift */; };
		4109FFE821BEC1B900D49981 /* Assets.xcassets in Resources */ = {isa = PBXBuildFile; fileRef = 4109FFE721BEC1B900D49981 /* Assets.xcassets */; };
		4109FFF321BEC1B900D49981 /* FormFillerTests.swift in Sources */ = {isa = PBXBuildFile; fileRef = 4109FFF221BEC1B900D49981 /* FormFillerTests.swift */; };
		4109FFFA21BEC1B900D49981 /* FormFiller Extension.appex in Embed App Extensions */ = {isa = PBXBuildFile; fileRef = 4109FFF921BEC1B900D49981 /* FormFiller Extension.appex */; settings = {ATTRIBUTES = (RemoveHeadersOnCopy, ); }; };
		4109FFFF21BEC1B900D49981 /* Cocoa.framework in Frameworks */ = {isa = PBXBuildFile; fileRef = 4109FFFE21BEC1B900D49981 /* Cocoa.framework */; };
/* End PBXBuildFile section */

/* Begin PBXContainerItemProxy section */
		4109FFEF21BEC1B900D49981 /* PBXContainerItemProxy */ = {
			isa = PBXContainerItemProxy;
			containerPortal = 4109FFD321BEC1B700D49981 /* Project object */;
			proxyType = 1;
			remoteGlobalIDString = 4109FFDA21BEC1B800D49981;
			remoteInfo = FormFiller;
		};
		4109FFFB21BEC1B900D49981 /* PBXContainerItemProxy */ = {
			isa = PBXContainerItemProxy;
			containerPortal = 4109FFD321BEC1B700D49981 /* Project object */;
			proxyType = 1;
			remoteGlobalIDString = 4109FFF821BEC1B900D49981;
			remoteInfo = "FormFiller Extension";
		};
/* End PBXContainerItemProxy section */

/* Begin PBXCopyFilesBuildPhase section */
		4109001321BEC1B900D49981 /* Embed App Extensions */ = {
			isa = PBXCopyFilesBuildPhase;
			buildActionMask = 2147483647;
			dstPath = "";
			dstSubfolderSpec = 13;
			files = (
				4109FFFA21BEC1B900D49981 /* FormFiller Extension.appex in Embed App Extensions */,
			);
			name = "Embed App Extensions";
			runOnlyForDeploymentPostprocessing = 0;
		};
/* End PBXCopyFilesBuildPhase section */

/* Begin PBXFileReference section */
		4109000121BEC1B900D49981 /* SafariExtensionHandler.swift */ = {isa = PBXFileReference; lastKnownFileType = sourcecode.swift; path = SafariExtensionHandler.swift; sourceTree = "<group>"; };
		4109000321BEC1B900D49981 /* SafariExtensionViewController.swift */ = {isa = PBXFileReference; lastKnownFileType = sourcecode.swift; path = SafariExtensionViewController.swift; sourceTree = "<group>"; };
		4109000621BEC1B900D49981 /* Base */ = {isa = PBXFileReference; lastKnownFileType = file.xib; name = Base; path = Base.lproj/SafariExtensionViewController.xib; sourceTree = "<group>"; };
		4109000821BEC1B900D49981 /* Info.plist */ = {isa = PBXFileReference; lastKnownFileType = text.plist.xml; path = Info.plist; sourceTree = "<group>"; };
		4109000921BEC1B900D49981 /* script.js */ = {isa = PBXFileReference; lastKnownFileType = sourcecode.javascript; path = script.js; sourceTree = "<group>"; };
		4109000B21BEC1B900D49981 /* ToolbarItemIcon.pdf */ = {isa = PBXFileReference; lastKnownFileType = image.pdf; path = ToolbarItemIcon.pdf; sourceTree = "<group>"; };
		4109000D21BEC1B900D49981 /* FormFiller_Extension.entitlements */ = {isa = PBXFileReference; lastKnownFileType = text.plist.entitlements; path = FormFiller_Extension.entitlements; sourceTree = "<group>"; };
		4109FFDB21BEC1B800D49981 /* FormFiller.app */ = {isa = PBXFileReference; explicitFileType = wrapper.application; includeInIndex = 0; path = FormFiller.app; sourceTree = BUILT_PRODUCTS_DIR; };
		4109FFDE21BEC1B800D49981 /* FormFiller.entitlements */ = {isa = PBXFileReference; lastKnownFileType = text.plist.entitlements; path = FormFiller.entitlements; sourceTree = "<group>"; };
		4109FFE021BEC1B800D49981 /* AppDelegate.swift */ = {isa = PBXFileReference; lastKnownFileType = sourcecode.swift; path = AppDelegate.swift; sourceTree = "<group>"; };
		4109FFE321BEC1B800D49981 /* Base */ = {isa = PBXFileReference; lastKnownFileType = file.storyboard; name = Base; path = Base.lproj/Main.storyboard; sourceTree = "<group>"; };
		4109FFE521BEC1B800D49981 /* ViewController.swift */ = {isa = PBXFileReference; lastKnownFileType = sourcecode.swift; path = ViewController.swift; sourceTree = "<group>"; };
		4109FFE721BEC1B900D49981 /* Assets.xcassets */ = {isa = PBXFileReference; lastKnownFileType = folder.assetcatalog; path = Assets.xcassets; sourceTree = "<group>"; };
		4109FFE921BEC1B900D49981 /* Info.plist */ = {isa = PBXFileReference; lastKnownFileType = text.plist.xml; path = Info.plist; sourceTree = "<group>"; };
		4109FFEE21BEC1B900D49981 /* FormFillerTests.xctest */ = {isa = PBXFileReference; explicitFileType = wrapper.cfbundle; includeInIndex = 0; path = FormFillerTests.xctest; sourceTree = BUILT_PRODUCTS_DIR; };
		4109FFF221BEC1B900D49981 /* FormFillerTests.swift */ = {isa = PBXFileReference; lastKnownFileType = sourcecode.swift; path = FormFillerTests.swift; sourceTree = "<group>"; };
		4109FFF421BEC1B900D49981 /* Info.plist */ = {isa = PBXFileReference; lastKnownFileType = text.plist.xml; path = Info.plist; sourceTree = "<group>"; };
		4109FFF921BEC1B900D49981 /* FormFiller Extension.appex */ = {isa = PBXFileReference; explicitFileType = "wrapper.app-extension"; includeInIndex = 0; path = "FormFiller Extension.appex"; sourceTree = BUILT_PRODUCTS_DIR; };
		4109FFFE21BEC1B900D49981 /* Cocoa.framework */ = {isa = PBXFileReference; lastKnownFileType = wrapper.framework; name = Cocoa.framework; path = System/Library/Frameworks/Cocoa.framework; sourceTree = SDKROOT; };
/* End PBXFileReference section */

/* Begin PBXFrameworksBuildPhase section */
		4109FFD821BEC1B800D49981 /* Frameworks */ = {
			isa = PBXFrameworksBuildPhase;
			buildActionMask = 2147483647;
			files = (
			);
			runOnlyForDeploymentPostprocessing = 0;
		};
		4109FFEB21BEC1B900D49981 /* Frameworks */ = {
			isa = PBXFrameworksBuildPhase;
			buildActionMask = 2147483647;
			files = (
			);
			runOnlyForDeploymentPostprocessing = 0;
		};
		4109FFF621BEC1B900D49981 /* Frameworks */ = {
			isa = PBXFrameworksBuildPhase;
			buildActionMask = 2147483647;
			files = (
				4109FFFF21BEC1B900D49981 /* Cocoa.framework in Frameworks */,
			);
			runOnlyForDeploymentPostprocessing = 0;
		};
/* End PBXFrameworksBuildPhase section */

/* Begin PBXGroup section */
		4109000021BEC1B900D49981 /* FormFiller Extension */ = {
			isa = PBXGroup;
			children = (
				4109000121BEC1B900D49981 /* SafariExtensionHandler.swift */,
				4109000321BEC1B900D49981 /* SafariExtensionViewController.swift */,
				4109000521BEC1B900D49981 /* SafariExtensionViewController.xib */,
				4109000821BEC1B900D49981 /* Info.plist */,
				4109000921BEC1B900D49981 /* script.js */,
				4109000B21BEC1B900D49981 /* ToolbarItemIcon.pdf */,
				4109000D21BEC1B900D49981 /* FormFiller_Extension.entitlements */,
			);
			path = "FormFiller Extension";
			sourceTree = "<group>";
		};
		4109FFD221BEC1B700D49981 = {
			isa = PBXGroup;
			children = (
				4109FFDD21BEC1B800D49981 /* FormFiller */,
				4109FFF121BEC1B900D49981 /* FormFillerTests */,
				4109000021BEC1B900D49981 /* FormFiller Extension */,
				4109FFFD21BEC1B900D49981 /* Frameworks */,
				4109FFDC21BEC1B800D49981 /* Products */,
			);
			sourceTree = "<group>";
		};
		4109FFDC21BEC1B800D49981 /* Products */ = {
			isa = PBXGroup;
			children = (
				4109FFDB21BEC1B800D49981 /* FormFiller.app */,
				4109FFEE21BEC1B900D49981 /* FormFillerTests.xctest */,
				4109FFF921BEC1B900D49981 /* FormFiller Extension.appex */,
			);
			name = Products;
			sourceTree = "<group>";
		};
		4109FFDD21BEC1B800D49981 /* FormFiller */ = {
			isa = PBXGroup;
			children = (
				4109FFDE21BEC1B800D49981 /* FormFiller.entitlements */,
				4109FFE021BEC1B800D49981 /* AppDelegate.swift */,
				4109FFE221BEC1B800D49981 /* Main.storyboard */,
				4109FFE521BEC1B800D49981 /* ViewController.swift */,
				4109FFE721BEC1B900D49981 /* Assets.xcassets */,
				4109FFE921BEC1B900D49981 /* Info.plist */,
			);
			path = FormFiller;
			sourceTree = "<group>";
		};
		4109FFF121BEC1B900D49981 /* FormFillerTests */ = {
			isa = PBXGroup;
			children = (
				4109FFF221BEC1B900D49981 /* FormFillerTests.swift */,
				4109FFF421BEC1B900D49981 /* Info.plist */,
			);
			path = FormFillerTests;
			sourceTree = "<group>";
		};
		4109FFFD21BEC1B900D49981 /* Frameworks */ = {
			isa = PBXGroup;
			children = (
				4109FFFE21BEC1B900D49981 /* Cocoa.framework */,
			);
			name = Frameworks;
			sourceTree = "<group>";
		};
/* End PBXGroup section */

/* Begin PBXNativeTarget section */
		4109FFDA21BEC1B800D49981 /* FormFiller */ = {
			isa = PBXNativeTarget;
			buildConfigurationList = 4109001421BEC1B900D49981 /* Build configuration list for PBXNativeTarget "FormFiller" */;
			buildPhases = (
				4109FFD721BEC1B800D49981 /* Sources */,
				4109FFD821BEC1B800D49981 /* Frameworks */,
				4109FFD921BEC1B800D49981 /* Resources */,
				4109001321BEC1B900D49981 /* Embed App Extensions */,
			);
			buildRules = (
			);
			dependencies = (
				4109FFFC21BEC1B900D49981 /* PBXTargetDependency */,
			);
			name = FormFiller;
			productName = FormFiller;
			productReference = 4109FFDB21BEC1B800D49981 /* FormFiller.app */;
			productType = "com.apple.product-type.application";
		};
		4109FFED21BEC1B900D49981 /* FormFillerTests */ = {
			isa = PBXNativeTarget;
			buildConfigurationList = 4109001721BEC1B900D49981 /* Build configuration list for PBXNativeTarget "FormFillerTests" */;
			buildPhases = (
				4109FFEA21BEC1B900D49981 /* Sources */,
				4109FFEB21BEC1B900D49981 /* Frameworks */,
				4109FFEC21BEC1B900D49981 /* Resources */,
			);
			buildRules = (
			);
			dependencies = (
				4109FFF021BEC1B900D49981 /* PBXTargetDependency */,
			);
			name = FormFillerTests;
			productName = FormFillerTests;
			productReference = 4109FFEE21BEC1B900D49981 /* FormFillerTests.xctest */;
			productType = "com.apple.product-type.bundle.unit-test";
		};
		4109FFF821BEC1B900D49981 /* FormFiller Extension */ = {
			isa = PBXNativeTarget;
			buildConfigurationList = 4109001021BEC1B900D49981 /* Build configuration list for PBXNativeTarget "FormFiller Extension" */;
			buildPhases = (
				4109FFF521BEC1B900D49981 /* Sources */,
				4109FFF621BEC1B900D49981 /* Frameworks */,
				4109FFF721BEC1B900D49981 /* Resources */,
			);
			buildRules = (
			);
			dependencies = (
			);
			name = "FormFiller Extension";
			productName = "FormFiller Extension";
			productReference = 4109FFF921BEC1B900D49981 /* FormFiller Extension.appex */;
			productType = "com.apple.product-type.app-extension";
		};
/* End PBXNativeTarget section */

/* Begin PBXProject section */
		4109FFD321BEC1B700D49981 /* Project object */ = {
			isa = PBXProject;
			attributes = {
				LastSwiftUpdateCheck = 1010;
				LastUpgradeCheck = 1010;
				ORGANIZATIONNAME = "John Turner";
				TargetAttributes = {
					4109FFDA21BEC1B800D49981 = {
						CreatedOnToolsVersion = 10.1;
					};
					4109FFED21BEC1B900D49981 = {
						CreatedOnToolsVersion = 10.1;
						TestTargetID = 4109FFDA21BEC1B800D49981;
					};
					4109FFF821BEC1B900D49981 = {
						CreatedOnToolsVersion = 10.1;
					};
				};
			};
			buildConfigurationList = 4109FFD621BEC1B700D49981 /* Build configuration list for PBXProject "FormFiller" */;
			compatibilityVersion = "Xcode 10.0";
			developmentRegion = en;
			hasScannedForEncodings = 0;
			knownRegions = (
				en,
				Base,
			);
			mainGroup = 4109FFD221BEC1B700D49981;
			productRefGroup = 4109FFDC21BEC1B800D49981 /* Products */;
			projectDirPath = "";
			projectRoot = "";
			targets = (
				4109FFDA21BEC1B800D49981 /* FormFiller */,
				4109FFED21BEC1B900D49981 /* FormFillerTests */,
				4109FFF821BEC1B900D49981 /* FormFiller Extension */,
			);
		};
/* End PBXProject section */

/* Begin PBXResourcesBuildPhase section */
		4109FFD921BEC1B800D49981 /* Resources */ = {
			isa = PBXResourcesBuildPhase;
			buildActionMask = 2147483647;
			files = (
				4109FFDF21BEC1B800D49981 /* FormFiller.entitlements in Resources */,
				4109FFE821BEC1B900D49981 /* Assets.xcassets in Resources */,
				4109FFE421BEC1B800D49981 /* Main.storyboard in Resources */,
			);
			runOnlyForDeploymentPostprocessing = 0;
		};
		4109FFEC21BEC1B900D49981 /* Resources */ = {
			isa = PBXResourcesBuildPhase;
			buildActionMask = 2147483647;
			files = (
			);
			runOnlyForDeploymentPostprocessing = 0;
		};
		4109FFF721BEC1B900D49981 /* Resources */ = {
			isa = PBXResourcesBuildPhase;
			buildActionMask = 2147483647;
			files = (
				4109000C21BEC1B900D49981 /* ToolbarItemIcon.pdf in Resources */,
				4109000721BEC1B900D49981 /* SafariExtensionViewController.xib in Resources */,
				4109000A21BEC1B900D49981 /* script.js in Resources */,
			);
			runOnlyForDeploymentPostprocessing = 0;
		};
/* End PBXResourcesBuildPhase section */

/* Begin PBXSourcesBuildPhase section */
		4109FFD721BEC1B800D49981 /* Sources */ = {
			isa = PBXSourcesBuildPhase;
			buildActionMask = 2147483647;
			files = (
				4109FFE621BEC1B800D49981 /* ViewController.swift in Sources */,
				4109FFE121BEC1B800D49981 /* AppDelegate.swift in Sources */,
			);
			runOnlyForDeploymentPostprocessing = 0;
		};
		4109FFEA21BEC1B900D49981 /* Sources */ = {
			isa = PBXSourcesBuildPhase;
			buildActionMask = 2147483647;
			files = (
				4109FFF321BEC1B900D49981 /* FormFillerTests.swift in Sources */,
			);
			runOnlyForDeploymentPostprocessing = 0;
		};
		4109FFF521BEC1B900D49981 /* Sources */ = {
			isa = PBXSourcesBuildPhase;
			buildActionMask = 2147483647;
			files = (
				4109000421BEC1B900D49981 /* SafariExtensionViewController.swift in Sources */,
				4109000221BEC1B900D49981 /* SafariExtensionHandler.swift in Sources */,
			);
			runOnlyForDeploymentPostprocessing = 0;
		};
/* End PBXSourcesBuildPhase section */

/* Begin PBXTargetDependency section */
		4109FFF021BEC1B900D49981 /* PBXTargetDependency */ = {
			isa = PBXTargetDependency;
			target = 4109FFDA21BEC1B800D49981 /* FormFiller */;
			targetProxy = 4109FFEF21BEC1B900D49981 /* PBXContainerItemProxy */;
		};
		4109FFFC21BEC1B900D49981 /* PBXTargetDependency */ = {
			isa = PBXTargetDependency;
			target = 4109FFF821BEC1B900D49981 /* FormFiller Extension */;
			targetProxy = 4109FFFB21BEC1B900D49981 /* PBXContainerItemProxy */;
		};
/* End PBXTargetDependency section */

/* Begin PBXVariantGroup section */
		4109000521BEC1B900D49981 /* SafariExtensionViewController.xib */ = {
			isa = PBXVariantGroup;
			children = (
				4109000621BEC1B900D49981 /* Base */,
			);
			name = SafariExtensionViewController.xib;
			sourceTree = "<group>";
		};
		4109FFE221BEC1B800D49981 /* Main.storyboard */ = {
			isa = PBXVariantGroup;
			children = (
				4109FFE321BEC1B800D49981 /* Base */,
			);
			name = Main.storyboard;
			sourceTree = "<group>";
		};
/* End PBXVariantGroup section */

/* Begin XCBuildConfiguration section */
		4109000E21BEC1B900D49981 /* Debug */ = {
			isa = XCBuildConfiguration;
			buildSettings = {
				ALWAYS_SEARCH_USER_PATHS = NO;
				CLANG_ANALYZER_NONNULL = YES;
				CLANG_ANALYZER_NUMBER_OBJECT_CONVERSION = YES_AGGRESSIVE;
				CLANG_CXX_LANGUAGE_STANDARD = "gnu++14";
				CLANG_CXX_LIBRARY = "libc++";
				CLANG_ENABLE_MODULES = YES;
				CLANG_ENABLE_OBJC_ARC = YES;
				CLANG_ENABLE_OBJC_WEAK = YES;
				CLANG_WARN_BLOCK_CAPTURE_AUTORELEASING = YES;
				CLANG_WARN_BOOL_CONVERSION = YES;
				CLANG_WARN_COMMA = YES;
				CLANG_WARN_CONSTANT_CONVERSION = YES;
				CLANG_WARN_DEPRECATED_OBJC_IMPLEMENTATIONS = YES;
				CLANG_WARN_DIRECT_OBJC_ISA_USAGE = YES_ERROR;
				CLANG_WARN_DOCUMENTATION_COMMENTS = YES;
				CLANG_WARN_EMPTY_BODY = YES;
				CLANG_WARN_ENUM_CONVERSION = YES;
				CLANG_WARN_INFINITE_RECURSION = YES;
				CLANG_WARN_INT_CONVERSION = YES;
				CLANG_WARN_NON_LITERAL_NULL_CONVERSION = YES;
				CLANG_WARN_OBJC_IMPLICIT_RETAIN_SELF = YES;
				CLANG_WARN_OBJC_LITERAL_CONVERSION = YES;
				CLANG_WARN_OBJC_ROOT_CLASS = YES_ERROR;
				CLANG_WARN_RANGE_LOOP_ANALYSIS = YES;
				CLANG_WARN_STRICT_PROTOTYPES = YES;
				CLANG_WARN_SUSPICIOUS_MOVE = YES;
				CLANG_WARN_UNGUARDED_AVAILABILITY = YES_AGGRESSIVE;
				CLANG_WARN_UNREACHABLE_CODE = YES;
				CLANG_WARN__DUPLICATE_METHOD_MATCH = YES;
				CODE_SIGN_IDENTITY = "Mac Developer";
				COPY_PHASE_STRIP = NO;
				DEBUG_INFORMATION_FORMAT = dwarf;
				ENABLE_STRICT_OBJC_MSGSEND = YES;
				ENABLE_TESTABILITY = YES;
				GCC_C_LANGUAGE_STANDARD = gnu11;
				GCC_DYNAMIC_NO_PIC = NO;
				GCC_NO_COMMON_BLOCKS = YES;
				GCC_OPTIMIZATION_LEVEL = 0;
				GCC_PREPROCESSOR_DEFINITIONS = (
					"DEBUG=1",
					"$(inherited)",
				);
				GCC_WARN_64_TO_32_BIT_CONVERSION = YES;
				GCC_WARN_ABOUT_RETURN_TYPE = YES_ERROR;
				GCC_WARN_UNDECLARED_SELECTOR = YES;
				GCC_WARN_UNINITIALIZED_AUTOS = YES_AGGRESSIVE;
				GCC_WARN_UNUSED_FUNCTION = YES;
				GCC_WARN_UNUSED_VARIABLE = YES;
				MACOSX_DEPLOYMENT_TARGET = 10.14;
				MTL_ENABLE_DEBUG_INFO = INCLUDE_SOURCE;
				MTL_FAST_MATH = YES;
				ONLY_ACTIVE_ARCH = YES;
				SDKROOT = macosx;
				SWIFT_ACTIVE_COMPILATION_CONDITIONS = DEBUG;
				SWIFT_OPTIMIZATION_LEVEL = "-Onone";
			};
			name = Debug;
		};
		4109000F21BEC1B900D49981 /* Release */ = {
			isa = XCBuildConfiguration;
			buildSettings = {
				ALWAYS_SEARCH_USER_PATHS = NO;
				CLANG_ANALYZER_NONNULL = YES;
				CLANG_ANALYZER_NUMBER_OBJECT_CONVERSION = YES_AGGRESSIVE;
				CLANG_CXX_LANGUAGE_STANDARD = "gnu++14";
				CLANG_CXX_LIBRARY = "libc++";
				CLANG_ENABLE_MODULES = YES;
				CLANG_ENABLE_OBJC_ARC = YES;
				CLANG_ENABLE_OBJC_WEAK = YES;
				CLANG_WARN_BLOCK_CAPTURE_AUTORELEASING = YES;
				CLANG_WARN_BOOL_CONVERSION = YES;
				CLANG_WARN_COMMA = YES;
				CLANG_WARN_CONSTANT_CONVERSION = YES;
				CLANG_WARN_DEPRECATED_OBJC_IMPLEMENTATIONS = YES;
				CLANG_WARN_DIRECT_OBJC_ISA_USAGE = YES_ERROR;
				CLANG_WARN_DOCUMENTATION_COMMENTS = YES;
				CLANG_WARN_EMPTY_BODY = YES;
				CLANG_WARN_ENUM_CONVERSION = YES;
				CLANG_WARN_INFINITE_RECURSION = YES;
				CLANG_WARN_INT_CONVERSION = YES;
				CLANG_WARN_NON_LITERAL_NULL_CONVERSION = YES;
				CLANG_WARN_OBJC_IMPLICIT_RETAIN_SELF = YES;
				CLANG_WARN_OBJC_LITERAL_CONVERSION = YES;
				CLANG_WARN_OBJC_ROOT_CLASS = YES_ERROR;
				CLANG_WARN_RANGE_LOOP_ANALYSIS = YES;
				CLANG_WARN_STRICT_PROTOTYPES = YES;
				CLANG_WARN_SUSPICIOUS_MOVE = YES;
				CLANG_WARN_UNGUARDED_AVAILABILITY = YES_AGGRESSIVE;
				CLANG_WARN_UNREACHABLE_CODE = YES;
				CLANG_WARN__DUPLICATE_METHOD_MATCH = YES;
				CODE_SIGN_IDENTITY = "Mac Developer";
				COPY_PHASE_STRIP = NO;
				DEBUG_INFORMATION_FORMAT = "dwarf-with-dsym";
				ENABLE_NS_ASSERTIONS = NO;
				ENABLE_STRICT_OBJC_MSGSEND = YES;
				GCC_C_LANGUAGE_STANDARD = gnu11;
				GCC_NO_COMMON_BLOCKS = YES;
				GCC_WARN_64_TO_32_BIT_CONVERSION = YES;
				GCC_WARN_ABOUT_RETURN_TYPE = YES_ERROR;
				GCC_WARN_UNDECLARED_SELECTOR = YES;
				GCC_WARN_UNINITIALIZED_AUTOS = YES_AGGRESSIVE;
				GCC_WARN_UNUSED_FUNCTION = YES;
				GCC_WARN_UNUSED_VARIABLE = YES;
				MACOSX_DEPLOYMENT_TARGET = 10.14;
				MTL_ENABLE_DEBUG_INFO = NO;
				MTL_FAST_MATH = YES;
				SDKROOT = macosx;
				SWIFT_COMPILATION_MODE = wholemodule;
				SWIFT_OPTIMIZATION_LEVEL = "-O";
			};
			name = Release;
		};
		4109001121BEC1B900D49981 /* Debug */ = {
			isa = XCBuildConfiguration;
			buildSettings = {
				CODE_SIGN_ENTITLEMENTS = "FormFiller Extension/FormFiller_Extension.entitlements";
				CODE_SIGN_STYLE = Automatic;
				DEVELOPMENT_TEAM = 6AZG6YYET8;
				INFOPLIST_FILE = "FormFiller Extension/Info.plist";
				LD_RUNPATH_SEARCH_PATHS = (
					"$(inherited)",
					"@executable_path/../Frameworks",
					"@executable_path/../../../../Frameworks",
				);
				PRODUCT_BUNDLE_IDENTIFIER = "com.johnturnertech.FormFiller-Extension";
				PRODUCT_NAME = "$(TARGET_NAME)";
				SKIP_INSTALL = YES;
				SWIFT_VERSION = 4.2;
			};
			name = Debug;
		};
		4109001221BEC1B900D49981 /* Release */ = {
			isa = XCBuildConfiguration;
			buildSettings = {
				CODE_SIGN_ENTITLEMENTS = "FormFiller Extension/FormFiller_Extension.entitlements";
				CODE_SIGN_STYLE = Automatic;
				DEVELOPMENT_TEAM = 6AZG6YYET8;
				INFOPLIST_FILE = "FormFiller Extension/Info.plist";
				LD_RUNPATH_SEARCH_PATHS = (
					"$(inherited)",
					"@executable_path/../Frameworks",
					"@executable_path/../../../../Frameworks",
				);
				PRODUCT_BUNDLE_IDENTIFIER = "com.johnturnertech.FormFiller-Extension";
				PRODUCT_NAME = "$(TARGET_NAME)";
				SKIP_INSTALL = YES;
				SWIFT_VERSION = 4.2;
			};
			name = Release;
		};
		4109001521BEC1B900D49981 /* Debug */ = {
			isa = XCBuildConfiguration;
			buildSettings = {
				ALWAYS_EMBED_SWIFT_STANDARD_LIBRARIES = YES;
				ASSETCATALOG_COMPILER_APPICON_NAME = AppIcon;
				CODE_SIGN_ENTITLEMENTS = FormFiller/FormFiller.entitlements;
				CODE_SIGN_STYLE = Automatic;
				COMBINE_HIDPI_IMAGES = YES;
				DEVELOPMENT_TEAM = 6AZG6YYET8;
				INFOPLIST_FILE = FormFiller/Info.plist;
				LD_RUNPATH_SEARCH_PATHS = (
					"$(inherited)",
					"@executable_path/../Frameworks",
				);
				PRODUCT_BUNDLE_IDENTIFIER = com.johnturnertech.FormFiller;
				PRODUCT_NAME = "$(TARGET_NAME)";
				SWIFT_VERSION = 4.2;
			};
			name = Debug;
		};
		4109001621BEC1B900D49981 /* Release */ = {
			isa = XCBuildConfiguration;
			buildSettings = {
				ALWAYS_EMBED_SWIFT_STANDARD_LIBRARIES = YES;
				ASSETCATALOG_COMPILER_APPICON_NAME = AppIcon;
				CODE_SIGN_ENTITLEMENTS = FormFiller/FormFiller.entitlements;
				CODE_SIGN_STYLE = Automatic;
				COMBINE_HIDPI_IMAGES = YES;
				DEVELOPMENT_TEAM = 6AZG6YYET8;
				INFOPLIST_FILE = FormFiller/Info.plist;
				LD_RUNPATH_SEARCH_PATHS = (
					"$(inherited)",
					"@executable_path/../Frameworks",
				);
				PRODUCT_BUNDLE_IDENTIFIER = com.johnturnertech.FormFiller;
				PRODUCT_NAME = "$(TARGET_NAME)";
				SWIFT_VERSION = 4.2;
			};
			name = Release;
		};
		4109001821BEC1B900D49981 /* Debug */ = {
			isa = XCBuildConfiguration;
			buildSettings = {
				ALWAYS_EMBED_SWIFT_STANDARD_LIBRARIES = YES;
				BUNDLE_LOADER = "$(TEST_HOST)";
				CODE_SIGN_STYLE = Automatic;
				COMBINE_HIDPI_IMAGES = YES;
				DEVELOPMENT_TEAM = 6AZG6YYET8;
				INFOPLIST_FILE = FormFillerTests/Info.plist;
				LD_RUNPATH_SEARCH_PATHS = (
					"$(inherited)",
					"@executable_path/../Frameworks",
					"@loader_path/../Frameworks",
				);
				PRODUCT_BUNDLE_IDENTIFIER = com.johnturnertech.FormFillerTests;
				PRODUCT_NAME = "$(TARGET_NAME)";
				SWIFT_VERSION = 4.2;
				TEST_HOST = "$(BUILT_PRODUCTS_DIR)/FormFiller.app/Contents/MacOS/FormFiller";
			};
			name = Debug;
		};
		4109001921BEC1B900D49981 /* Release */ = {
			isa = XCBuildConfiguration;
			buildSettings = {
				ALWAYS_EMBED_SWIFT_STANDARD_LIBRARIES = YES;
				BUNDLE_LOADER = "$(TEST_HOST)";
				CODE_SIGN_STYLE = Automatic;
				COMBINE_HIDPI_IMAGES = YES;
				DEVELOPMENT_TEAM = 6AZG6YYET8;
				INFOPLIST_FILE = FormFillerTests/Info.plist;
				LD_RUNPATH_SEARCH_PATHS = (
					"$(inherited)",
					"@executable_path/../Frameworks",
					"@loader_path/../Frameworks",
				);
				PRODUCT_BUNDLE_IDENTIFIER = com.johnturnertech.FormFillerTests;
				PRODUCT_NAME = "$(TARGET_NAME)";
				SWIFT_VERSION = 4.2;
				TEST_HOST = "$(BUILT_PRODUCTS_DIR)/FormFiller.app/Contents/MacOS/FormFiller";
			};
			name = Release;
		};
/* End XCBuildConfiguration section */

/* Begin XCConfigurationList section */
		4109001021BEC1B900D49981 /* Build configuration list for PBXNativeTarget "FormFiller Extension" */ = {
			isa = XCConfigurationList;
			buildConfigurations = (
				4109001121BEC1B900D49981 /* Debug */,
				4109001221BEC1B900D49981 /* Release */,
			);
			defaultConfigurationIsVisible = 0;
			defaultConfigurationName = Release;
		};
		4109001421BEC1B900D49981 /* Build configuration list for PBXNativeTarget "FormFiller" */ = {
			isa = XCConfigurationList;
			buildConfigurations = (
				4109001521BEC1B900D49981 /* Debug */,
				4109001621BEC1B900D49981 /* Release */,
			);
			defaultConfigurationIsVisible = 0;
			defaultConfigurationName = Release;
		};
		4109001721BEC1B900D49981 /* Build configuration list for PBXNativeTarget "FormFillerTests" */ = {
			isa = XCConfigurationList;
			buildConfigurations = (
				4109001821BEC1B900D49981 /* Debug */,
				4109001921BEC1B900D49981 /* Release */,
			);
			defaultConfigurationIsVisible = 0;
			defaultConfigurationName = Release;
		};
		4109FFD621BEC1B700D49981 /* Build configuration list for PBXProject "FormFiller" */ = {
			isa = XCConfigurationList;
			buildConfigurations = (
				4109000E21BEC1B900D49981 /* Debug */,
				4109000F21BEC1B900D49981 /* Release */,
			);
			defaultConfigurationIsVisible = 0;
			defaultConfigurationName = Release;
		};
/* End XCConfigurationList section */
	};
	rootObject = 4109FFD321BEC1B700D49981 /* Project object */;
}
